
Microsoft Visual Studio Solution File, Format Version 12.00
# Visual Studio Version 17
VisualStudioVersion = 17.7.34221.43
MinimumVisualStudioVersion = 10.0.40219.1
Project("{9A19103F-16F7-4668-BE54-9A1E7A4F7556}") = "AdventOfCode_CSharp", "AdventOfCode_CSharp.csproj", "{0B5E6319-50F2-4647-ABA1-10EF0CF3D8EF}"
EndProject
Global
	GlobalSection(SolutionConfigurationPlatforms) = preSolution
		Debug|Any CPU = Debug|Any CPU
		Release|Any CPU = Release|Any CPU
	EndGlobalSection
	GlobalSection(ProjectConfigurationPlatforms) = postSolution
		{0B5E6319-50F2-4647-ABA1-10EF0CF3D8EF}.Debug|Any CPU.ActiveCfg = Debug|Any CPU
		{0B5E6319-50F2-4647-ABA1-10EF0CF3D8EF}.Debug|Any CPU.Build.0 = Debug|Any CPU
		{0B5E6319-50F2-4647-ABA1-10EF0CF3D8EF}.Release|Any CPU.ActiveCfg = Release|Any CPU
		{0B5E6319-50F2-4647-ABA1-10EF0CF3D8EF}.Release|Any CPU.Build.0 = Release|Any CPU
	EndGlobalSection
	GlobalSection(SolutionProperties) = preSolution
		HideSolutionNode = FALSE
	EndGlobalSection
	GlobalSection(ExtensibilityGlobals) = postSolution
		SolutionGuid = {2E3DE634-3989-483F-9834-B294027B977C}
	EndGlobalSection
EndGlobal
